
Microsoft Visual Studio Solution File, Format Version 12.00
# Visual Studio Version 17
VisualStudioVersion = 17.3.32825.248
MinimumVisualStudioVersion = 10.0.40219.1
Project("{9A19103F-16F7-4668-BE54-9A1E7A4F7556}") = "OOP1Labbar", "OOP1Labbar\OOP1Labbar.csproj", "{C9DFF0EC-65E8-475B-B4C7-F068A228EE73}"
EndProject
Project("{2150E333-8FDC-42A3-9474-1A3956D46DE8}") = "Solution Items", "Solution Items", "{2A27DB86-FBC2-4585-8339-6D2067F31583}"
EndProject
Global
	GlobalSection(SolutionConfigurationPlatforms) = preSolution
		Debug|Any CPU = Debug|Any CPU
		Release|Any CPU = Release|Any CPU
	EndGlobalSection
	GlobalSection(ProjectConfigurationPlatforms) = postSolution
		{C9DFF0EC-65E8-475B-B4C7-F068A228EE73}.Debug|Any CPU.ActiveCfg = Debug|Any CPU
		{C9DFF0EC-65E8-475B-B4C7-F068A228EE73}.Debug|Any CPU.Build.0 = Debug|Any CPU
		{C9DFF0EC-65E8-475B-B4C7-F068A228EE73}.Release|Any CPU.ActiveCfg = Release|Any CPU
		{C9DFF0EC-65E8-475B-B4C7-F068A228EE73}.Release|Any CPU.Build.0 = Release|Any CPU
	EndGlobalSection
	GlobalSection(SolutionProperties) = preSolution
		HideSolutionNode = FALSE
	EndGlobalSection
	GlobalSection(ExtensibilityGlobals) = postSolution
		SolutionGuid = {2B8689AC-C700-4C51-AD04-34FFB639F301}
	EndGlobalSection
EndGlobal
